<Solution>
  <Folder Name="/Demo/">
    <Project Path="src/AvaloniaLogDemo/AvaloniaLogDemo.csproj" />
    <Project Path="src/ConsoleLogDemo/ConsoleLogDemo.csproj" />
  </Folder>
  <Folder Name="/Solution Files/">
    <File Path=".gitignore" />
    <File Path="CHANGELOG.md" />
    <File Path="Directory.Build.props" />
    <File Path="Directory.Packages.props" />
    <File Path="LICENSE" />
    <File Path="pack_libraries.bat" />
    <File Path="publish.bat" />
    <File Path="publish_all.bat" />
    <File Path="publish_win-x64.bat" />
    <File Path="README.md" />
    <File Path="SetPlatformMacro.ps1" />
    <File Path="UpdateAssemblyVersion.ps1" />
  </Folder>
  <Project Path="src/CodeWF.Log.Core/CodeWF.Log.Core.csproj" />
  <Project Path="src/CodeWF.LogViewer.Avalonia/CodeWF.LogViewer.Avalonia.csproj" />
  
</Solution>
