<Solution>
  <Folder Name="/Demo/">
    <Project Path="src/AvaloniaLogDemo/AvaloniaLogDemo.csproj" />
    <Project Path="src/ConsoleLogDemo/ConsoleLogDemo.csproj" />
    <Project Path="src/MicrosoftLoggingAvaloniaDemo/MicrosoftLoggingAvaloniaDemo.csproj" />
    <Project Path="src/MicrosoftLoggingWebApiDemo/MicrosoftLoggingWebApiDemo.csproj" />
    <Project Path="src/MultiProviderAvaloniaDemo/MultiProviderAvaloniaDemo.csproj" />
  </Folder>
  <Folder Name="/Solution Files/">
    <File Path=".gitignore" />
    <File Path="UpdateLog.md" />
    <File Path="Directory.Build.props" />
    <File Path="Directory.Packages.props" />
    <File Path="LICENSE" />
    <File Path="pack.bat" />
    <File Path="publish.bat" />
    <File Path="publish_all.bat" />
    <File Path="publish_win-x64.bat" />
    <File Path="README.md" />
    <File Path="SetPlatformMacro.ps1" />
    <File Path="UpdateAssemblyVersion.ps1" />
  </Folder>
  <Project Path="src/CodeWF.Log.Core/CodeWF.Log.Core.csproj" />
  <Project Path="src/CodeWF.Log.Extensions.Logging/CodeWF.Log.Extensions.Logging.csproj" />
  <Project Path="src/CodeWF.Log.Avalonia/CodeWF.Log.Avalonia.csproj" />
  <Folder Name="/Tests/">
    <Project Path="tests/CodeWF.Log.Core.Tests/CodeWF.Log.Core.Tests.csproj" />
    <Project Path="tests/CodeWF.Log.Extensions.Logging.Tests/CodeWF.Log.Extensions.Logging.Tests.csproj" />
  </Folder>
  <Folder Name="/Smoke/">
    <Project Path="tests/CodeWF.Log.AotSmoke/CodeWF.Log.AotSmoke.csproj" />
  </Folder>
</Solution>
